// !$*UTF8*$!
{
	archiveVersion = 1;
	classes = {
	};
	objectVersion = 50;
	objects = {

/* Begin PBXBuildFile section */
		7A21782A257C30820079E8B7 /* 3ViewsAnimationController.swift in Sources */ = {isa = PBXBuildFile; fileRef = 7A217829257C30820079E8B7 /* 3ViewsAnimationController.swift */; };
		7A7C27742579FF83007D1E30 /* ViewAnimationController.swift in Sources */ = {isa = PBXBuildFile; fileRef = 7A7C27732579FF83007D1E30 /* ViewAnimationController.swift */; };
		7AD016D825793BE200610EA2 /* AppDelegate.swift in Sources */ = {isa = PBXBuildFile; fileRef = 7AD016D725793BE200610EA2 /* AppDelegate.swift */; };
		7AD016DA25793BE200610EA2 /* SceneDelegate.swift in Sources */ = {isa = PBXBuildFile; fileRef = 7AD016D925793BE200610EA2 /* SceneDelegate.swift */; };
		7AD016DC25793BE200610EA2 /* TextAnimationController.swift in Sources */ = {isa = PBXBuildFile; fileRef = 7AD016DB25793BE200610EA2 /* TextAnimationController.swift */; };
		7AD016DF25793BE200610EA2 /* Main.storyboard in Resources */ = {isa = PBXBuildFile; fileRef = 7AD016DD25793BE200610EA2 /* Main.storyboard */; };
		7AD016E125793BE500610EA2 /* Assets.xcassets in Resources */ = {isa = PBXBuildFile; fileRef = 7AD016E025793BE500610EA2 /* Assets.xcassets */; };
		7AD016E425793BE500610EA2 /* LaunchScreen.storyboard in Resources */ = {isa = PBXBuildFile; fileRef = 7AD016E225793BE500610EA2 /* LaunchScreen.storyboard */; };
/* End PBXBuildFile section */

/* Begin PBXFileReference section */
		7A217829257C30820079E8B7 /* 3ViewsAnimationController.swift */ = {isa = PBXFileReference; lastKnownFileType = sourcecode.swift; path = 3ViewsAnimationController.swift; sourceTree = "<group>"; };
		7A7C27732579FF83007D1E30 /* ViewAnimationController.swift */ = {isa = PBXFileReference; lastKnownFileType = sourcecode.swift; path = ViewAnimationController.swift; sourceTree = "<group>"; };
		7AD016D425793BE200610EA2 /* TabBar.app */ = {isa = PBXFileReference; explicitFileType = wrapper.application; includeInIndex = 0; path = TabBar.app; sourceTree = BUILT_PRODUCTS_DIR; };
		7AD016D725793BE200610EA2 /* AppDelegate.swift */ = {isa = PBXFileReference; lastKnownFileType = sourcecode.swift; path = AppDelegate.swift; sourceTree = "<group>"; };
		7AD016D925793BE200610EA2 /* SceneDelegate.swift */ = {isa = PBXFileReference; lastKnownFileType = sourcecode.swift; path = SceneDelegate.swift; sourceTree = "<group>"; };
		7AD016DB25793BE200610EA2 /* TextAnimationController.swift */ = {isa = PBXFileReference; lastKnownFileType = sourcecode.swift; path = TextAnimationController.swift; sourceTree = "<group>"; };
		7AD016DE25793BE200610EA2 /* Base */ = {isa = PBXFileReference; lastKnownFileType = file.storyboard; name = Base; path = Base.lproj/Main.storyboard; sourceTree = "<group>"; };
		7AD016E025793BE500610EA2 /* Assets.xcassets */ = {isa = PBXFileReference; lastKnownFileType = folder.assetcatalog; path = Assets.xcassets; sourceTree = "<group>"; };
		7AD016E325793BE500610EA2 /* Base */ = {isa = PBXFileReference; lastKnownFileType = file.storyboard; name = Base; path = Base.lproj/LaunchScreen.storyboard; sourceTree = "<group>"; };
		7AD016E525793BE500610EA2 /* Info.plist */ = {isa = PBXFileReference; lastKnownFileType = text.plist.xml; path = Info.plist; sourceTree = "<group>"; };
/* End PBXFileReference section */

/* Begin PBXFrameworksBuildPhase section */
		7AD016D125793BE200610EA2 /* Frameworks */ = {
			isa = PBXFrameworksBuildPhase;
			buildActionMask = 2147483647;
			files = (
			);
			runOnlyForDeploymentPostprocessing = 0;
		};
/* End PBXFrameworksBuildPhase section */

/* Begin PBXGroup section */
		7A7C27772579FF9B007D1E30 /* Controllers */ = {
			isa = PBXGroup;
			children = (
				7AD016DB25793BE200610EA2 /* TextAnimationController.swift */,
				7A7C27732579FF83007D1E30 /* ViewAnimationController.swift */,
				7A217829257C30820079E8B7 /* 3ViewsAnimationController.swift */,
			);
			path = Controllers;
			sourceTree = "<group>";
		};
		7AD016CB25793BE200610EA2 = {
			isa = PBXGroup;
			children = (
				7AD016D625793BE200610EA2 /* TabBar */,
				7AD016D525793BE200610EA2 /* Products */,
			);
			sourceTree = "<group>";
		};
		7AD016D525793BE200610EA2 /* Products */ = {
			isa = PBXGroup;
			children = (
				7AD016D425793BE200610EA2 /* TabBar.app */,
			);
			name = Products;
			sourceTree = "<group>";
		};
		7AD016D625793BE200610EA2 /* TabBar */ = {
			isa = PBXGroup;
			children = (
				7AD016D725793BE200610EA2 /* AppDelegate.swift */,
				7AD016D925793BE200610EA2 /* SceneDelegate.swift */,
				7A7C27772579FF9B007D1E30 /* Controllers */,
				7AD016DD25793BE200610EA2 /* Main.storyboard */,
				7AD016E025793BE500610EA2 /* Assets.xcassets */,
				7AD016E225793BE500610EA2 /* LaunchScreen.storyboard */,
				7AD016E525793BE500610EA2 /* Info.plist */,
			);
			path = TabBar;
			sourceTree = "<group>";
		};
/* End PBXGroup section */

/* Begin PBXNativeTarget section */
		7AD016D325793BE200610EA2 /* TabBar */ = {
			isa = PBXNativeTarget;
			buildConfigurationList = 7AD016E825793BE500610EA2 /* Build configuration list for PBXNativeTarget "TabBar" */;
			buildPhases = (
				7AD016D025793BE200610EA2 /* Sources */,
				7AD016D125793BE200610EA2 /* Frameworks */,
				7AD016D225793BE200610EA2 /* Resources */,
			);
			buildRules = (
			);
			dependencies = (
			);
			name = TabBar;
			productName = TabBar;
			productReference = 7AD016D425793BE200610EA2 /* TabBar.app */;
			productType = "com.apple.product-type.application";
		};
/* End PBXNativeTarget section */

/* Begin PBXProject section */
		7AD016CC25793BE200610EA2 /* Project object */ = {
			isa = PBXProject;
			attributes = {
				LastSwiftUpdateCheck = 1220;
				LastUpgradeCheck = 1220;
				TargetAttributes = {
					7AD016D325793BE200610EA2 = {
						CreatedOnToolsVersion = 12.2;
					};
				};
			};
			buildConfigurationList = 7AD016CF25793BE200610EA2 /* Build configuration list for PBXProject "TabBar" */;
			compatibilityVersion = "Xcode 9.3";
			developmentRegion = en;
			hasScannedForEncodings = 0;
			knownRegions = (
				en,
				Base,
			);
			mainGroup = 7AD016CB25793BE200610EA2;
			productRefGroup = 7AD016D525793BE200610EA2 /* Products */;
			projectDirPath = "";
			projectRoot = "";
			targets = (
				7AD016D325793BE200610EA2 /* TabBar */,
			);
		};
/* End PBXProject section */

/* Begin PBXResourcesBuildPhase section */
		7AD016D225793BE200610EA2 /* Resources */ = {
			isa = PBXResourcesBuildPhase;
			buildActionMask = 2147483647;
			files = (
				7AD016E425793BE500610EA2 /* LaunchScreen.storyboard in Resources */,
				7AD016E125793BE500610EA2 /* Assets.xcassets in Resources */,
				7AD016DF25793BE200610EA2 /* Main.storyboard in Resources */,
			);
			runOnlyForDeploymentPostprocessing = 0;
		};
/* End PBXResourcesBuildPhase section */

/* Begin PBXSourcesBuildPhase section */
		7AD016D025793BE200610EA2 /* Sources */ = {
			isa = PBXSourcesBuildPhase;
			buildActionMask = 2147483647;
			files = (
				7AD016DC25793BE200610EA2 /* TextAnimationController.swift in Sources */,
				7AD016D825793BE200610EA2 /* AppDelegate.swift in Sources */,
				7A21782A257C30820079E8B7 /* 3ViewsAnimationController.swift in Sources */,
				7AD016DA25793BE200610EA2 /* SceneDelegate.swift in Sources */,
				7A7C27742579FF83007D1E30 /* ViewAnimationController.swift in Sources */,
			);
			runOnlyForDeploymentPostprocessing = 0;
		};
/* End PBXSourcesBuildPhase section */

/* Begin PBXVariantGroup section */
		7AD016DD25793BE200610EA2 /* Main.storyboard */ = {
			isa = PBXVariantGroup;
			children = (
				7AD016DE25793BE200610EA2 /* Base */,
			);
			name = Main.storyboard;
			sourceTree = "<group>";
		};
		7AD016E225793BE500610EA2 /* LaunchScreen.storyboard */ = {
			isa = PBXVariantGroup;
			children = (
				7AD016E325793BE500610EA2 /* Base */,
			);
			name = LaunchScreen.storyboard;
			sourceTree = "<group>";
		};
/* End PBXVariantGroup section */

/* Begin XCBuildConfiguration section */
		7AD016E625793BE500610EA2 /* Debug */ = {
			isa = XCBuildConfiguration;
			buildSettings = {
				ALWAYS_SEARCH_USER_PATHS = NO;
				CLANG_ANALYZER_NONNULL = YES;
				CLANG_ANALYZER_NUMBER_OBJECT_CONVERSION = YES_AGGRESSIVE;
				CLANG_CXX_LANGUAGE_STANDARD = "gnu++14";
				CLANG_CXX_LIBRARY = "libc++";
				CLANG_ENABLE_MODULES = YES;
				CLANG_ENABLE_OBJC_ARC = YES;
				CLANG_ENABLE_OBJC_WEAK = YES;
				CLANG_WARN_BLOCK_CAPTURE_AUTORELEASING = YES;
				CLANG_WARN_BOOL_CONVERSION = YES;
				CLANG_WARN_COMMA = YES;
				CLANG_WARN_CONSTANT_CONVERSION = YES;
				CLANG_WARN_DEPRECATED_OBJC_IMPLEMENTATIONS = YES;
				CLANG_WARN_DIRECT_OBJC_ISA_USAGE = YES_ERROR;
				CLANG_WARN_DOCUMENTATION_COMMENTS = YES;
				CLANG_WARN_EMPTY_BODY = YES;
				CLANG_WARN_ENUM_CONVERSION = YES;
				CLANG_WARN_INFINITE_RECURSION = YES;
				CLANG_WARN_INT_CONVERSION = YES;
				CLANG_WARN_NON_LITERAL_NULL_CONVERSION = YES;
				CLANG_WARN_OBJC_IMPLICIT_RETAIN_SELF = YES;
				CLANG_WARN_OBJC_LITERAL_CONVERSION = YES;
				CLANG_WARN_OBJC_ROOT_CLASS = YES_ERROR;
				CLANG_WARN_QUOTED_INCLUDE_IN_FRAMEWORK_HEADER = YES;
				CLANG_WARN_RANGE_LOOP_ANALYSIS = YES;
				CLANG_WARN_STRICT_PROTOTYPES = YES;
				CLANG_WARN_SUSPICIOUS_MOVE = YES;
				CLANG_WARN_UNGUARDED_AVAILABILITY = YES_AGGRESSIVE;
				CLANG_WARN_UNREACHABLE_CODE = YES;
				CLANG_WARN__DUPLICATE_METHOD_MATCH = YES;
				COPY_PHASE_STRIP = NO;
				DEBUG_INFORMATION_FORMAT = dwarf;
				ENABLE_STRICT_OBJC_MSGSEND = YES;
				ENABLE_TESTABILITY = YES;
				GCC_C_LANGUAGE_STANDARD = gnu11;
				GCC_DYNAMIC_NO_PIC = NO;
				GCC_NO_COMMON_BLOCKS = YES;
				GCC_OPTIMIZATION_LEVEL = 0;
				GCC_PREPROCESSOR_DEFINITIONS = (
					"DEBUG=1",
					"$(inherited)",
				);
				GCC_WARN_64_TO_32_BIT_CONVERSION = YES;
				GCC_WARN_ABOUT_RETURN_TYPE = YES_ERROR;
				GCC_WARN_UNDECLARED_SELECTOR = YES;
				GCC_WARN_UNINITIALIZED_AUTOS = YES_AGGRESSIVE;
				GCC_WARN_UNUSED_FUNCTION = YES;
				GCC_WARN_UNUSED_VARIABLE = YES;
				IPHONEOS_DEPLOYMENT_TARGET = 14.2;
				MTL_ENABLE_DEBUG_INFO = INCLUDE_SOURCE;
				MTL_FAST_MATH = YES;
				ONLY_ACTIVE_ARCH = YES;
				SDKROOT = iphoneos;
				SWIFT_ACTIVE_COMPILATION_CONDITIONS = DEBUG;
				SWIFT_OPTIMIZATION_LEVEL = "-Onone";
			};
			name = Debug;
		};
		7AD016E725793BE500610EA2 /* Release */ = {
			isa = XCBuildConfiguration;
			buildSettings = {
				ALWAYS_SEARCH_USER_PATHS = NO;
				CLANG_ANALYZER_NONNULL = YES;
				CLANG_ANALYZER_NUMBER_OBJECT_CONVERSION = YES_AGGRESSIVE;
				CLANG_CXX_LANGUAGE_STANDARD = "gnu++14";
				CLANG_CXX_LIBRARY = "libc++";
				CLANG_ENABLE_MODULES = YES;
				CLANG_ENABLE_OBJC_ARC = YES;
				CLANG_ENABLE_OBJC_WEAK = YES;
				CLANG_WARN_BLOCK_CAPTURE_AUTORELEASING = YES;
				CLANG_WARN_BOOL_CONVERSION = YES;
				CLANG_WARN_COMMA = YES;
				CLANG_WARN_CONSTANT_CONVERSION = YES;
				CLANG_WARN_DEPRECATED_OBJC_IMPLEMENTATIONS = YES;
				CLANG_WARN_DIRECT_OBJC_ISA_USAGE = YES_ERROR;
				CLANG_WARN_DOCUMENTATION_COMMENTS = YES;
				CLANG_WARN_EMPTY_BODY = YES;
				CLANG_WARN_ENUM_CONVERSION = YES;
				CLANG_WARN_INFINITE_RECURSION = YES;
				CLANG_WARN_INT_CONVERSION = YES;
				CLANG_WARN_NON_LITERAL_NULL_CONVERSION = YES;
				CLANG_WARN_OBJC_IMPLICIT_RETAIN_SELF = YES;
				CLANG_WARN_OBJC_LITERAL_CONVERSION = YES;
				CLANG_WARN_OBJC_ROOT_CLASS = YES_ERROR;
				CLANG_WARN_QUOTED_INCLUDE_IN_FRAMEWORK_HEADER = YES;
				CLANG_WARN_RANGE_LOOP_ANALYSIS = YES;
				CLANG_WARN_STRICT_PROTOTYPES = YES;
				CLANG_WARN_SUSPICIOUS_MOVE = YES;
				CLANG_WARN_UNGUARDED_AVAILABILITY = YES_AGGRESSIVE;
				CLANG_WARN_UNREACHABLE_CODE = YES;
				CLANG_WARN__DUPLICATE_METHOD_MATCH = YES;
				COPY_PHASE_STRIP = NO;
				DEBUG_INFORMATION_FORMAT = "dwarf-with-dsym";
				ENABLE_NS_ASSERTIONS = NO;
				ENABLE_STRICT_OBJC_MSGSEND = YES;
				GCC_C_LANGUAGE_STANDARD = gnu11;
				GCC_NO_COMMON_BLOCKS = YES;
				GCC_WARN_64_TO_32_BIT_CONVERSION = YES;
				GCC_WARN_ABOUT_RETURN_TYPE = YES_ERROR;
				GCC_WARN_UNDECLARED_SELECTOR = YES;
				GCC_WARN_UNINITIALIZED_AUTOS = YES_AGGRESSIVE;
				GCC_WARN_UNUSED_FUNCTION = YES;
				GCC_WARN_UNUSED_VARIABLE = YES;
				IPHONEOS_DEPLOYMENT_TARGET = 14.2;
				MTL_ENABLE_DEBUG_INFO = NO;
				MTL_FAST_MATH = YES;
				SDKROOT = iphoneos;
				SWIFT_COMPILATION_MODE = wholemodule;
				SWIFT_OPTIMIZATION_LEVEL = "-O";
				VALIDATE_PRODUCT = YES;
			};
			name = Release;
		};
		7AD016E925793BE500610EA2 /* Debug */ = {
			isa = XCBuildConfiguration;
			buildSettings = {
				ASSETCATALOG_COMPILER_APPICON_NAME = AppIcon;
				ASSETCATALOG_COMPILER_GLOBAL_ACCENT_COLOR_NAME = AccentColor;
				CODE_SIGN_STYLE = Automatic;
				DEVELOPMENT_TEAM = 45AM97BXWH;
				INFOPLIST_FILE = TabBar/Info.plist;
				LD_RUNPATH_SEARCH_PATHS = (
					"$(inherited)",
					"@executable_path/Frameworks",
				);
				PRODUCT_BUNDLE_IDENTIFIER = Evgeniy.TabBar;
				PRODUCT_NAME = "$(TARGET_NAME)";
				SWIFT_VERSION = 5.0;
				TARGETED_DEVICE_FAMILY = "1,2";
			};
			name = Debug;
		};
		7AD016EA25793BE500610EA2 /* Release */ = {
			isa = XCBuildConfiguration;
			buildSettings = {
				ASSETCATALOG_COMPILER_APPICON_NAME = AppIcon;
				ASSETCATALOG_COMPILER_GLOBAL_ACCENT_COLOR_NAME = AccentColor;
				CODE_SIGN_STYLE = Automatic;
				DEVELOPMENT_TEAM = 45AM97BXWH;
				INFOPLIST_FILE = TabBar/Info.plist;
				LD_RUNPATH_SEARCH_PATHS = (
					"$(inherited)",
					"@executable_path/Frameworks",
				);
				PRODUCT_BUNDLE_IDENTIFIER = Evgeniy.TabBar;
				PRODUCT_NAME = "$(TARGET_NAME)";
				SWIFT_VERSION = 5.0;
				TARGETED_DEVICE_FAMILY = "1,2";
			};
			name = Release;
		};
/* End XCBuildConfiguration section */

/* Begin XCConfigurationList section */
		7AD016CF25793BE200610EA2 /* Build configuration list for PBXProject "TabBar" */ = {
			isa = XCConfigurationList;
			buildConfigurations = (
				7AD016E625793BE500610EA2 /* Debug */,
				7AD016E725793BE500610EA2 /* Release */,
			);
			defaultConfigurationIsVisible = 0;
			defaultConfigurationName = Release;
		};
		7AD016E825793BE500610EA2 /* Build configuration list for PBXNativeTarget "TabBar" */ = {
			isa = XCConfigurationList;
			buildConfigurations = (
				7AD016E925793BE500610EA2 /* Debug */,
				7AD016EA25793BE500610EA2 /* Release */,
			);
			defaultConfigurationIsVisible = 0;
			defaultConfigurationName = Release;
		};
/* End XCConfigurationList section */
	};
	rootObject = 7AD016CC25793BE200610EA2 /* Project object */;
}
