// !$*UTF8*$!
{
	archiveVersion = 1;
	classes = {
	};
	objectVersion = 50;
	objects = {

/* Begin PBXBuildFile section */
		7ABDE22A2581A79E00717DD9 /* CustomCollectionViewCell.xib in Resources */ = {isa = PBXBuildFile; fileRef = 7ABDE2292581A79E00717DD9 /* CustomCollectionViewCell.xib */; };
		7ABDE22D2581A7C800717DD9 /* CustomCollectionViewCell.swift in Sources */ = {isa = PBXBuildFile; fileRef = 7ABDE22C2581A7C800717DD9 /* CustomCollectionViewCell.swift */; };
		7ABDE2322581B27600717DD9 /* CustomCollectionViewCell2.xib in Resources */ = {isa = PBXBuildFile; fileRef = 7ABDE2312581B27600717DD9 /* CustomCollectionViewCell2.xib */; };
		7AD63980258071C0006C6B83 /* AppDelegate.swift in Sources */ = {isa = PBXBuildFile; fileRef = 7AD6397F258071C0006C6B83 /* AppDelegate.swift */; };
		7AD63982258071C0006C6B83 /* SceneDelegate.swift in Sources */ = {isa = PBXBuildFile; fileRef = 7AD63981258071C0006C6B83 /* SceneDelegate.swift */; };
		7AD63984258071C0006C6B83 /* ViewController.swift in Sources */ = {isa = PBXBuildFile; fileRef = 7AD63983258071C0006C6B83 /* ViewController.swift */; };
		7AD63987258071C0006C6B83 /* Main.storyboard in Resources */ = {isa = PBXBuildFile; fileRef = 7AD63985258071C0006C6B83 /* Main.storyboard */; };
		7AD63989258071C3006C6B83 /* Assets.xcassets in Resources */ = {isa = PBXBuildFile; fileRef = 7AD63988258071C3006C6B83 /* Assets.xcassets */; };
		7AD6398C258071C3006C6B83 /* LaunchScreen.storyboard in Resources */ = {isa = PBXBuildFile; fileRef = 7AD6398A258071C3006C6B83 /* LaunchScreen.storyboard */; };
		7AD639952580723B006C6B83 /* CustomCell.xib in Resources */ = {isa = PBXBuildFile; fileRef = 7AD639942580723B006C6B83 /* CustomCell.xib */; };
		7AD63999258073E8006C6B83 /* CustomCell.swift in Sources */ = {isa = PBXBuildFile; fileRef = 7AD63998258073E8006C6B83 /* CustomCell.swift */; };
		7AD6399E2580BA82006C6B83 /* AboutViewController.swift in Sources */ = {isa = PBXBuildFile; fileRef = 7AD6399D2580BA82006C6B83 /* AboutViewController.swift */; };
/* End PBXBuildFile section */

/* Begin PBXFileReference section */
		7ABDE2292581A79E00717DD9 /* CustomCollectionViewCell.xib */ = {isa = PBXFileReference; lastKnownFileType = file.xib; path = CustomCollectionViewCell.xib; sourceTree = "<group>"; };
		7ABDE22C2581A7C800717DD9 /* CustomCollectionViewCell.swift */ = {isa = PBXFileReference; lastKnownFileType = sourcecode.swift; path = CustomCollectionViewCell.swift; sourceTree = "<group>"; };
		7ABDE2312581B27600717DD9 /* CustomCollectionViewCell2.xib */ = {isa = PBXFileReference; lastKnownFileType = file.xib; path = CustomCollectionViewCell2.xib; sourceTree = "<group>"; };
		7AD6397C258071C0006C6B83 /* Table&Collection.app */ = {isa = PBXFileReference; explicitFileType = wrapper.application; includeInIndex = 0; path = "Table&Collection.app"; sourceTree = BUILT_PRODUCTS_DIR; };
		7AD6397F258071C0006C6B83 /* AppDelegate.swift */ = {isa = PBXFileReference; lastKnownFileType = sourcecode.swift; path = AppDelegate.swift; sourceTree = "<group>"; };
		7AD63981258071C0006C6B83 /* SceneDelegate.swift */ = {isa = PBXFileReference; lastKnownFileType = sourcecode.swift; path = SceneDelegate.swift; sourceTree = "<group>"; };
		7AD63983258071C0006C6B83 /* ViewController.swift */ = {isa = PBXFileReference; lastKnownFileType = sourcecode.swift; path = ViewController.swift; sourceTree = "<group>"; };
		7AD63986258071C0006C6B83 /* Base */ = {isa = PBXFileReference; lastKnownFileType = file.storyboard; name = Base; path = Base.lproj/Main.storyboard; sourceTree = "<group>"; };
		7AD63988258071C3006C6B83 /* Assets.xcassets */ = {isa = PBXFileReference; lastKnownFileType = folder.assetcatalog; path = Assets.xcassets; sourceTree = "<group>"; };
		7AD6398B258071C3006C6B83 /* Base */ = {isa = PBXFileReference; lastKnownFileType = file.storyboard; name = Base; path = Base.lproj/LaunchScreen.storyboard; sourceTree = "<group>"; };
		7AD6398D258071C3006C6B83 /* Info.plist */ = {isa = PBXFileReference; lastKnownFileType = text.plist.xml; path = Info.plist; sourceTree = "<group>"; };
		7AD639942580723B006C6B83 /* CustomCell.xib */ = {isa = PBXFileReference; lastKnownFileType = file.xib; path = CustomCell.xib; sourceTree = "<group>"; };
		7AD63998258073E8006C6B83 /* CustomCell.swift */ = {isa = PBXFileReference; lastKnownFileType = sourcecode.swift; path = CustomCell.swift; sourceTree = "<group>"; };
		7AD6399D2580BA82006C6B83 /* AboutViewController.swift */ = {isa = PBXFileReference; lastKnownFileType = sourcecode.swift; path = AboutViewController.swift; sourceTree = "<group>"; };
/* End PBXFileReference section */

/* Begin PBXFrameworksBuildPhase section */
		7AD63979258071C0006C6B83 /* Frameworks */ = {
			isa = PBXFrameworksBuildPhase;
			buildActionMask = 2147483647;
			files = (
			);
			runOnlyForDeploymentPostprocessing = 0;
		};
/* End PBXFrameworksBuildPhase section */

/* Begin PBXGroup section */
		7ABDE2282581A74B00717DD9 /* CustomCollectionViewCell */ = {
			isa = PBXGroup;
			children = (
				7ABDE2292581A79E00717DD9 /* CustomCollectionViewCell.xib */,
				7ABDE2312581B27600717DD9 /* CustomCollectionViewCell2.xib */,
				7ABDE22C2581A7C800717DD9 /* CustomCollectionViewCell.swift */,
			);
			path = CustomCollectionViewCell;
			sourceTree = "<group>";
		};
		7AD63973258071C0006C6B83 = {
			isa = PBXGroup;
			children = (
				7AD6397E258071C0006C6B83 /* Table&Collection */,
				7AD6397D258071C0006C6B83 /* Products */,
			);
			sourceTree = "<group>";
		};
		7AD6397D258071C0006C6B83 /* Products */ = {
			isa = PBXGroup;
			children = (
				7AD6397C258071C0006C6B83 /* Table&Collection.app */,
			);
			name = Products;
			sourceTree = "<group>";
		};
		7AD6397E258071C0006C6B83 /* Table&Collection */ = {
			isa = PBXGroup;
			children = (
				7AD6397F258071C0006C6B83 /* AppDelegate.swift */,
				7AD63981258071C0006C6B83 /* SceneDelegate.swift */,
				7AD63983258071C0006C6B83 /* ViewController.swift */,
				7AD6399D2580BA82006C6B83 /* AboutViewController.swift */,
				7AD63985258071C0006C6B83 /* Main.storyboard */,
				7ABDE2282581A74B00717DD9 /* CustomCollectionViewCell */,
				7AD63997258073CC006C6B83 /* CustomTableCell */,
				7AD63988258071C3006C6B83 /* Assets.xcassets */,
				7AD6398A258071C3006C6B83 /* LaunchScreen.storyboard */,
				7AD6398D258071C3006C6B83 /* Info.plist */,
			);
			path = "Table&Collection";
			sourceTree = "<group>";
		};
		7AD63997258073CC006C6B83 /* CustomTableCell */ = {
			isa = PBXGroup;
			children = (
				7AD63998258073E8006C6B83 /* CustomCell.swift */,
				7AD639942580723B006C6B83 /* CustomCell.xib */,
			);
			path = CustomTableCell;
			sourceTree = "<group>";
		};
/* End PBXGroup section */

/* Begin PBXNativeTarget section */
		7AD6397B258071C0006C6B83 /* Table&Collection */ = {
			isa = PBXNativeTarget;
			buildConfigurationList = 7AD63990258071C3006C6B83 /* Build configuration list for PBXNativeTarget "Table&Collection" */;
			buildPhases = (
				7AD63978258071C0006C6B83 /* Sources */,
				7AD63979258071C0006C6B83 /* Frameworks */,
				7AD6397A258071C0006C6B83 /* Resources */,
			);
			buildRules = (
			);
			dependencies = (
			);
			name = "Table&Collection";
			productName = "Table&Collection";
			productReference = 7AD6397C258071C0006C6B83 /* Table&Collection.app */;
			productType = "com.apple.product-type.application";
		};
/* End PBXNativeTarget section */

/* Begin PBXProject section */
		7AD63974258071C0006C6B83 /* Project object */ = {
			isa = PBXProject;
			attributes = {
				LastSwiftUpdateCheck = 1220;
				LastUpgradeCheck = 1220;
				TargetAttributes = {
					7AD6397B258071C0006C6B83 = {
						CreatedOnToolsVersion = 12.2;
					};
				};
			};
			buildConfigurationList = 7AD63977258071C0006C6B83 /* Build configuration list for PBXProject "Table&Collection" */;
			compatibilityVersion = "Xcode 9.3";
			developmentRegion = en;
			hasScannedForEncodings = 0;
			knownRegions = (
				en,
				Base,
			);
			mainGroup = 7AD63973258071C0006C6B83;
			productRefGroup = 7AD6397D258071C0006C6B83 /* Products */;
			projectDirPath = "";
			projectRoot = "";
			targets = (
				7AD6397B258071C0006C6B83 /* Table&Collection */,
			);
		};
/* End PBXProject section */

/* Begin PBXResourcesBuildPhase section */
		7AD6397A258071C0006C6B83 /* Resources */ = {
			isa = PBXResourcesBuildPhase;
			buildActionMask = 2147483647;
			files = (
				7AD6398C258071C3006C6B83 /* LaunchScreen.storyboard in Resources */,
				7AD63989258071C3006C6B83 /* Assets.xcassets in Resources */,
				7AD639952580723B006C6B83 /* CustomCell.xib in Resources */,
				7ABDE22A2581A79E00717DD9 /* CustomCollectionViewCell.xib in Resources */,
				7ABDE2322581B27600717DD9 /* CustomCollectionViewCell2.xib in Resources */,
				7AD63987258071C0006C6B83 /* Main.storyboard in Resources */,
			);
			runOnlyForDeploymentPostprocessing = 0;
		};
/* End PBXResourcesBuildPhase section */

/* Begin PBXSourcesBuildPhase section */
		7AD63978258071C0006C6B83 /* Sources */ = {
			isa = PBXSourcesBuildPhase;
			buildActionMask = 2147483647;
			files = (
				7AD63984258071C0006C6B83 /* ViewController.swift in Sources */,
				7AD63980258071C0006C6B83 /* AppDelegate.swift in Sources */,
				7AD63999258073E8006C6B83 /* CustomCell.swift in Sources */,
				7AD6399E2580BA82006C6B83 /* AboutViewController.swift in Sources */,
				7ABDE22D2581A7C800717DD9 /* CustomCollectionViewCell.swift in Sources */,
				7AD63982258071C0006C6B83 /* SceneDelegate.swift in Sources */,
			);
			runOnlyForDeploymentPostprocessing = 0;
		};
/* End PBXSourcesBuildPhase section */

/* Begin PBXVariantGroup section */
		7AD63985258071C0006C6B83 /* Main.storyboard */ = {
			isa = PBXVariantGroup;
			children = (
				7AD63986258071C0006C6B83 /* Base */,
			);
			name = Main.storyboard;
			sourceTree = "<group>";
		};
		7AD6398A258071C3006C6B83 /* LaunchScreen.storyboard */ = {
			isa = PBXVariantGroup;
			children = (
				7AD6398B258071C3006C6B83 /* Base */,
			);
			name = LaunchScreen.storyboard;
			sourceTree = "<group>";
		};
/* End PBXVariantGroup section */

/* Begin XCBuildConfiguration section */
		7AD6398E258071C3006C6B83 /* Debug */ = {
			isa = XCBuildConfiguration;
			buildSettings = {
				ALWAYS_SEARCH_USER_PATHS = NO;
				CLANG_ANALYZER_NONNULL = YES;
				CLANG_ANALYZER_NUMBER_OBJECT_CONVERSION = YES_AGGRESSIVE;
				CLANG_CXX_LANGUAGE_STANDARD = "gnu++14";
				CLANG_CXX_LIBRARY = "libc++";
				CLANG_ENABLE_MODULES = YES;
				CLANG_ENABLE_OBJC_ARC = YES;
				CLANG_ENABLE_OBJC_WEAK = YES;
				CLANG_WARN_BLOCK_CAPTURE_AUTORELEASING = YES;
				CLANG_WARN_BOOL_CONVERSION = YES;
				CLANG_WARN_COMMA = YES;
				CLANG_WARN_CONSTANT_CONVERSION = YES;
				CLANG_WARN_DEPRECATED_OBJC_IMPLEMENTATIONS = YES;
				CLANG_WARN_DIRECT_OBJC_ISA_USAGE = YES_ERROR;
				CLANG_WARN_DOCUMENTATION_COMMENTS = YES;
				CLANG_WARN_EMPTY_BODY = YES;
				CLANG_WARN_ENUM_CONVERSION = YES;
				CLANG_WARN_INFINITE_RECURSION = YES;
				CLANG_WARN_INT_CONVERSION = YES;
				CLANG_WARN_NON_LITERAL_NULL_CONVERSION = YES;
				CLANG_WARN_OBJC_IMPLICIT_RETAIN_SELF = YES;
				CLANG_WARN_OBJC_LITERAL_CONVERSION = YES;
				CLANG_WARN_OBJC_ROOT_CLASS = YES_ERROR;
				CLANG_WARN_QUOTED_INCLUDE_IN_FRAMEWORK_HEADER = YES;
				CLANG_WARN_RANGE_LOOP_ANALYSIS = YES;
				CLANG_WARN_STRICT_PROTOTYPES = YES;
				CLANG_WARN_SUSPICIOUS_MOVE = YES;
				CLANG_WARN_UNGUARDED_AVAILABILITY = YES_AGGRESSIVE;
				CLANG_WARN_UNREACHABLE_CODE = YES;
				CLANG_WARN__DUPLICATE_METHOD_MATCH = YES;
				COPY_PHASE_STRIP = NO;
				DEBUG_INFORMATION_FORMAT = dwarf;
				ENABLE_STRICT_OBJC_MSGSEND = YES;
				ENABLE_TESTABILITY = YES;
				GCC_C_LANGUAGE_STANDARD = gnu11;
				GCC_DYNAMIC_NO_PIC = NO;
				GCC_NO_COMMON_BLOCKS = YES;
				GCC_OPTIMIZATION_LEVEL = 0;
				GCC_PREPROCESSOR_DEFINITIONS = (
					"DEBUG=1",
					"$(inherited)",
				);
				GCC_WARN_64_TO_32_BIT_CONVERSION = YES;
				GCC_WARN_ABOUT_RETURN_TYPE = YES_ERROR;
				GCC_WARN_UNDECLARED_SELECTOR = YES;
				GCC_WARN_UNINITIALIZED_AUTOS = YES_AGGRESSIVE;
				GCC_WARN_UNUSED_FUNCTION = YES;
				GCC_WARN_UNUSED_VARIABLE = YES;
				IPHONEOS_DEPLOYMENT_TARGET = 14.2;
				MTL_ENABLE_DEBUG_INFO = INCLUDE_SOURCE;
				MTL_FAST_MATH = YES;
				ONLY_ACTIVE_ARCH = YES;
				SDKROOT = iphoneos;
				SWIFT_ACTIVE_COMPILATION_CONDITIONS = DEBUG;
				SWIFT_OPTIMIZATION_LEVEL = "-Onone";
			};
			name = Debug;
		};
		7AD6398F258071C3006C6B83 /* Release */ = {
			isa = XCBuildConfiguration;
			buildSettings = {
				ALWAYS_SEARCH_USER_PATHS = NO;
				CLANG_ANALYZER_NONNULL = YES;
				CLANG_ANALYZER_NUMBER_OBJECT_CONVERSION = YES_AGGRESSIVE;
				CLANG_CXX_LANGUAGE_STANDARD = "gnu++14";
				CLANG_CXX_LIBRARY = "libc++";
				CLANG_ENABLE_MODULES = YES;
				CLANG_ENABLE_OBJC_ARC = YES;
				CLANG_ENABLE_OBJC_WEAK = YES;
				CLANG_WARN_BLOCK_CAPTURE_AUTORELEASING = YES;
				CLANG_WARN_BOOL_CONVERSION = YES;
				CLANG_WARN_COMMA = YES;
				CLANG_WARN_CONSTANT_CONVERSION = YES;
				CLANG_WARN_DEPRECATED_OBJC_IMPLEMENTATIONS = YES;
				CLANG_WARN_DIRECT_OBJC_ISA_USAGE = YES_ERROR;
				CLANG_WARN_DOCUMENTATION_COMMENTS = YES;
				CLANG_WARN_EMPTY_BODY = YES;
				CLANG_WARN_ENUM_CONVERSION = YES;
				CLANG_WARN_INFINITE_RECURSION = YES;
				CLANG_WARN_INT_CONVERSION = YES;
				CLANG_WARN_NON_LITERAL_NULL_CONVERSION = YES;
				CLANG_WARN_OBJC_IMPLICIT_RETAIN_SELF = YES;
				CLANG_WARN_OBJC_LITERAL_CONVERSION = YES;
				CLANG_WARN_OBJC_ROOT_CLASS = YES_ERROR;
				CLANG_WARN_QUOTED_INCLUDE_IN_FRAMEWORK_HEADER = YES;
				CLANG_WARN_RANGE_LOOP_ANALYSIS = YES;
				CLANG_WARN_STRICT_PROTOTYPES = YES;
				CLANG_WARN_SUSPICIOUS_MOVE = YES;
				CLANG_WARN_UNGUARDED_AVAILABILITY = YES_AGGRESSIVE;
				CLANG_WARN_UNREACHABLE_CODE = YES;
				CLANG_WARN__DUPLICATE_METHOD_MATCH = YES;
				COPY_PHASE_STRIP = NO;
				DEBUG_INFORMATION_FORMAT = "dwarf-with-dsym";
				ENABLE_NS_ASSERTIONS = NO;
				ENABLE_STRICT_OBJC_MSGSEND = YES;
				GCC_C_LANGUAGE_STANDARD = gnu11;
				GCC_NO_COMMON_BLOCKS = YES;
				GCC_WARN_64_TO_32_BIT_CONVERSION = YES;
				GCC_WARN_ABOUT_RETURN_TYPE = YES_ERROR;
				GCC_WARN_UNDECLARED_SELECTOR = YES;
				GCC_WARN_UNINITIALIZED_AUTOS = YES_AGGRESSIVE;
				GCC_WARN_UNUSED_FUNCTION = YES;
				GCC_WARN_UNUSED_VARIABLE = YES;
				IPHONEOS_DEPLOYMENT_TARGET = 14.2;
				MTL_ENABLE_DEBUG_INFO = NO;
				MTL_FAST_MATH = YES;
				SDKROOT = iphoneos;
				SWIFT_COMPILATION_MODE = wholemodule;
				SWIFT_OPTIMIZATION_LEVEL = "-O";
				VALIDATE_PRODUCT = YES;
			};
			name = Release;
		};
		7AD63991258071C3006C6B83 /* Debug */ = {
			isa = XCBuildConfiguration;
			buildSettings = {
				ASSETCATALOG_COMPILER_APPICON_NAME = AppIcon;
				ASSETCATALOG_COMPILER_GLOBAL_ACCENT_COLOR_NAME = AccentColor;
				CODE_SIGN_STYLE = Automatic;
				DEVELOPMENT_TEAM = 45AM97BXWH;
				INFOPLIST_FILE = "Table&Collection/Info.plist";
				LD_RUNPATH_SEARCH_PATHS = (
					"$(inherited)",
					"@executable_path/Frameworks",
				);
				PRODUCT_BUNDLE_IDENTIFIER = "Evgeniy.Table-Collection";
				PRODUCT_NAME = "$(TARGET_NAME)";
				SWIFT_VERSION = 5.0;
				TARGETED_DEVICE_FAMILY = "1,2";
			};
			name = Debug;
		};
		7AD63992258071C3006C6B83 /* Release */ = {
			isa = XCBuildConfiguration;
			buildSettings = {
				ASSETCATALOG_COMPILER_APPICON_NAME = AppIcon;
				ASSETCATALOG_COMPILER_GLOBAL_ACCENT_COLOR_NAME = AccentColor;
				CODE_SIGN_STYLE = Automatic;
				DEVELOPMENT_TEAM = 45AM97BXWH;
				INFOPLIST_FILE = "Table&Collection/Info.plist";
				LD_RUNPATH_SEARCH_PATHS = (
					"$(inherited)",
					"@executable_path/Frameworks",
				);
				PRODUCT_BUNDLE_IDENTIFIER = "Evgeniy.Table-Collection";
				PRODUCT_NAME = "$(TARGET_NAME)";
				SWIFT_VERSION = 5.0;
				TARGETED_DEVICE_FAMILY = "1,2";
			};
			name = Release;
		};
/* End XCBuildConfiguration section */

/* Begin XCConfigurationList section */
		7AD63977258071C0006C6B83 /* Build configuration list for PBXProject "Table&Collection" */ = {
			isa = XCConfigurationList;
			buildConfigurations = (
				7AD6398E258071C3006C6B83 /* Debug */,
				7AD6398F258071C3006C6B83 /* Release */,
			);
			defaultConfigurationIsVisible = 0;
			defaultConfigurationName = Release;
		};
		7AD63990258071C3006C6B83 /* Build configuration list for PBXNativeTarget "Table&Collection" */ = {
			isa = XCConfigurationList;
			buildConfigurations = (
				7AD63991258071C3006C6B83 /* Debug */,
				7AD63992258071C3006C6B83 /* Release */,
			);
			defaultConfigurationIsVisible = 0;
			defaultConfigurationName = Release;
		};
/* End XCConfigurationList section */
	};
	rootObject = 7AD63974258071C0006C6B83 /* Project object */;
}
